
Microsoft Visual Studio Solution File, Format Version 12.00
# Visual Studio Version 16
VisualStudioVersion = 16.0.29926.136
MinimumVisualStudioVersion = 10.0.40219.1
Project("{FAE04EC0-301F-11D3-BF4B-00C04F79EFBC}") = "MailScheduler", "MailScheduler\MailScheduler.csproj", "{7280D454-0DEE-4BA3-AA13-3C467E8144C8}"
EndProject
Project("{FAE04EC0-301F-11D3-BF4B-00C04F79EFBC}") = "WebApp", "WebApp\WebApp.csproj", "{C59EB887-B368-4F69-89B1-92BDD4E270DB}"
EndProject
Global
	GlobalSection(SolutionConfigurationPlatforms) = preSolution
		Debug|Any CPU = Debug|Any CPU
		Release|Any CPU = Release|Any CPU
	EndGlobalSection
	GlobalSection(ProjectConfigurationPlatforms) = postSolution
		{7280D454-0DEE-4BA3-AA13-3C467E8144C8}.Debug|Any CPU.ActiveCfg = Debug|Any CPU
		{7280D454-0DEE-4BA3-AA13-3C467E8144C8}.Debug|Any CPU.Build.0 = Debug|Any CPU
		{7280D454-0DEE-4BA3-AA13-3C467E8144C8}.Release|Any CPU.ActiveCfg = Release|Any CPU
		{7280D454-0DEE-4BA3-AA13-3C467E8144C8}.Release|Any CPU.Build.0 = Release|Any CPU
		{C59EB887-B368-4F69-89B1-92BDD4E270DB}.Debug|Any CPU.ActiveCfg = Debug|Any CPU
		{C59EB887-B368-4F69-89B1-92BDD4E270DB}.Debug|Any CPU.Build.0 = Debug|Any CPU
		{C59EB887-B368-4F69-89B1-92BDD4E270DB}.Release|Any CPU.ActiveCfg = Release|Any CPU
		{C59EB887-B368-4F69-89B1-92BDD4E270DB}.Release|Any CPU.Build.0 = Release|Any CPU
	EndGlobalSection
	GlobalSection(SolutionProperties) = preSolution
		HideSolutionNode = FALSE
	EndGlobalSection
	GlobalSection(ExtensibilityGlobals) = postSolution
		SolutionGuid = {C211C9D8-FC6B-4FD0-BD70-16C1D5EEF773}
	EndGlobalSection
EndGlobal
